# THIS IS AN AUTOGENERATED FILE. DO NOT EDIT THIS FILE DIRECTLY.
# yarn lockfile v1


node-bin-setup@^1.0.0:
  version "1.0.6"
  resolved "https://registry.yarnpkg.com/node-bin-setup/-/node-bin-setup-1.0.6.tgz#4b5c9bb937ece702d7069b36ca78af4684677528"
  integrity sha512-uPIxXNis1CRbv1DwqAxkgBk5NFV3s7cMN/Gf556jSw6jBvV7ca4F9lRL/8cALcZecRibeqU+5dFYqFFmzv5a0Q==

node@^14.4.0:
  version "14.4.0"
  resolved "https://registry.yarnpkg.com/node/-/node-14.4.0.tgz#be38ed681ec8f3d72637311453eb409a485ce982"
  integrity sha512-uJ9LXT9OjBEZaFtyVxSPxLfVCPZ9TPUtyqqxSyDazj2Vj40S9sL3b1hKnctktnwTG8IMqDsUnQ6HOplDS1RuMQ==
  dependencies:
    node-bin-setup "^1.0.0"

ws@^7.4.6:
  version "7.4.6"
  resolved "https://registry.yarnpkg.com/ws/-/ws-7.4.6.tgz#5654ca8ecdeee47c33a9a4bf6d28e2be2980377c"
  integrity sha512-YmhHDO4MzaDLB+M9ym/mDA5z0naX8j7SIlT8f8z+I0VtzsRbekxEutHSme7NPS2qE8StCYQNUnfWdXta/Yu85A==
